
Microsoft Visual Studio Solution File, Format Version 12.00
# Visual Studio Version 16
VisualStudioVersion = 16.0.30114.105
MinimumVisualStudioVersion = 10.0.40219.1
Project("{FAE04EC0-301F-11D3-BF4B-00C04F79EFBC}") = "Class", "Class\Class.csproj", "{E4810E64-D992-41DF-A07A-C6B50720D2AF}"
EndProject
Project("{FAE04EC0-301F-11D3-BF4B-00C04F79EFBC}") = "Lesson_3", "Lesson_3\Lesson_3.csproj", "{A2EE6F84-5E60-4792-BABD-C5B0F89C7707}"
EndProject
Project("{FAE04EC0-301F-11D3-BF4B-00C04F79EFBC}") = "Lesson_4", "Lesson_4\Lesson_4.csproj", "{1507480D-315D-4E01-A910-A4E2B841D229}"
EndProject
Project("{FAE04EC0-301F-11D3-BF4B-00C04F79EFBC}") = "Lesson_5", "Lesson_5\Lesson_5.csproj", "{A6E9A917-6768-48FC-9844-F01DA3313E45}"
EndProject
Project("{FAE04EC0-301F-11D3-BF4B-00C04F79EFBC}") = "Lesson_6", "Lesson_6\Lesson_6.csproj", "{6F49D037-DAFB-4023-8E85-501F8B5D67F3}"
EndProject
Project("{FAE04EC0-301F-11D3-BF4B-00C04F79EFBC}") = "Lesson_7", "Lesson_7\Lesson_7.csproj", "{D6806CAB-99C8-4E83-9BBD-7BB0AC93752B}"
EndProject
Global
	GlobalSection(SolutionConfigurationPlatforms) = preSolution
		Debug|Any CPU = Debug|Any CPU
		Release|Any CPU = Release|Any CPU
	EndGlobalSection
	GlobalSection(SolutionProperties) = preSolution
		HideSolutionNode = FALSE
	EndGlobalSection
	GlobalSection(ProjectConfigurationPlatforms) = postSolution
		{E4810E64-D992-41DF-A07A-C6B50720D2AF}.Debug|Any CPU.ActiveCfg = Debug|Any CPU
		{E4810E64-D992-41DF-A07A-C6B50720D2AF}.Debug|Any CPU.Build.0 = Debug|Any CPU
		{E4810E64-D992-41DF-A07A-C6B50720D2AF}.Release|Any CPU.ActiveCfg = Release|Any CPU
		{E4810E64-D992-41DF-A07A-C6B50720D2AF}.Release|Any CPU.Build.0 = Release|Any CPU
		{A2EE6F84-5E60-4792-BABD-C5B0F89C7707}.Debug|Any CPU.ActiveCfg = Debug|Any CPU
		{A2EE6F84-5E60-4792-BABD-C5B0F89C7707}.Debug|Any CPU.Build.0 = Debug|Any CPU
		{A2EE6F84-5E60-4792-BABD-C5B0F89C7707}.Release|Any CPU.ActiveCfg = Release|Any CPU
		{A2EE6F84-5E60-4792-BABD-C5B0F89C7707}.Release|Any CPU.Build.0 = Release|Any CPU
		{1507480D-315D-4E01-A910-A4E2B841D229}.Debug|Any CPU.ActiveCfg = Debug|Any CPU
		{1507480D-315D-4E01-A910-A4E2B841D229}.Debug|Any CPU.Build.0 = Debug|Any CPU
		{1507480D-315D-4E01-A910-A4E2B841D229}.Release|Any CPU.ActiveCfg = Release|Any CPU
		{1507480D-315D-4E01-A910-A4E2B841D229}.Release|Any CPU.Build.0 = Release|Any CPU
		{A6E9A917-6768-48FC-9844-F01DA3313E45}.Debug|Any CPU.ActiveCfg = Debug|Any CPU
		{A6E9A917-6768-48FC-9844-F01DA3313E45}.Debug|Any CPU.Build.0 = Debug|Any CPU
		{A6E9A917-6768-48FC-9844-F01DA3313E45}.Release|Any CPU.ActiveCfg = Release|Any CPU
		{A6E9A917-6768-48FC-9844-F01DA3313E45}.Release|Any CPU.Build.0 = Release|Any CPU
		{6F49D037-DAFB-4023-8E85-501F8B5D67F3}.Debug|Any CPU.ActiveCfg = Debug|Any CPU
		{6F49D037-DAFB-4023-8E85-501F8B5D67F3}.Debug|Any CPU.Build.0 = Debug|Any CPU
		{6F49D037-DAFB-4023-8E85-501F8B5D67F3}.Release|Any CPU.ActiveCfg = Release|Any CPU
		{6F49D037-DAFB-4023-8E85-501F8B5D67F3}.Release|Any CPU.Build.0 = Release|Any CPU
		{D6806CAB-99C8-4E83-9BBD-7BB0AC93752B}.Debug|Any CPU.ActiveCfg = Debug|Any CPU
		{D6806CAB-99C8-4E83-9BBD-7BB0AC93752B}.Debug|Any CPU.Build.0 = Debug|Any CPU
		{D6806CAB-99C8-4E83-9BBD-7BB0AC93752B}.Release|Any CPU.ActiveCfg = Release|Any CPU
		{D6806CAB-99C8-4E83-9BBD-7BB0AC93752B}.Release|Any CPU.Build.0 = Release|Any CPU
	EndGlobalSection
EndGlobal
